
Microsoft Visual Studio Solution File, Format Version 12.00
# Visual Studio 15
VisualStudioVersion = 15.0.28307.271
MinimumVisualStudioVersion = 10.0.40219.1
Project("{FAE04EC0-301F-11D3-BF4B-00C04F79EFBC}") = "ContosoU2019", "ContosoU2019\ContosoU2019.csproj", "{BB274F53-E922-4276-98D7-E32C0D8B46FE}"
EndProject
Global
	GlobalSection(SolutionConfigurationPlatforms) = preSolution
		Debug|Any CPU = Debug|Any CPU
		Release|Any CPU = Release|Any CPU
	EndGlobalSection
	GlobalSection(ProjectConfigurationPlatforms) = postSolution
		{BB274F53-E922-4276-98D7-E32C0D8B46FE}.Debug|Any CPU.ActiveCfg = Debug|Any CPU
		{BB274F53-E922-4276-98D7-E32C0D8B46FE}.Debug|Any CPU.Build.0 = Debug|Any CPU
		{BB274F53-E922-4276-98D7-E32C0D8B46FE}.Release|Any CPU.ActiveCfg = Release|Any CPU
		{BB274F53-E922-4276-98D7-E32C0D8B46FE}.Release|Any CPU.Build.0 = Release|Any CPU
	EndGlobalSection
	GlobalSection(SolutionProperties) = preSolution
		HideSolutionNode = FALSE
	EndGlobalSection
	GlobalSection(ExtensibilityGlobals) = postSolution
		SolutionGuid = {1B216159-F38E-436F-873C-BA7B2564962A}
	EndGlobalSection
EndGlobal
